
Microsoft Visual Studio Solution File, Format Version 12.00
# Visual Studio 14
VisualStudioVersion = 14.0.25123.0
MinimumVisualStudioVersion = 10.0.40219.1
Project("{FAE04EC0-301F-11D3-BF4B-00C04F79EFBC}") = "ProjekatAutootpad", "ProjekatAutootpad\ProjekatAutootpad.csproj", "{44A4D2AD-AB78-4EAA-9951-0514AF1B3ABF}"
EndProject
Project("{2150E333-8FDC-42A3-9474-1A3956D46DE8}") = "Solution Items", "Solution Items", "{3DCED2B1-8E0B-43E8-874D-50C988CB22BD}"
EndProject
Global
	GlobalSection(SolutionConfigurationPlatforms) = preSolution
		Debug|ARM = Debug|ARM
		Debug|x64 = Debug|x64
		Debug|x86 = Debug|x86
		Release|ARM = Release|ARM
		Release|x64 = Release|x64
		Release|x86 = Release|x86
	EndGlobalSection
	GlobalSection(ProjectConfigurationPlatforms) = postSolution
		{44A4D2AD-AB78-4EAA-9951-0514AF1B3ABF}.Debug|ARM.ActiveCfg = Debug|x86
		{44A4D2AD-AB78-4EAA-9951-0514AF1B3ABF}.Debug|ARM.Build.0 = Debug|x86
		{44A4D2AD-AB78-4EAA-9951-0514AF1B3ABF}.Debug|ARM.Deploy.0 = Debug|x86
		{44A4D2AD-AB78-4EAA-9951-0514AF1B3ABF}.Debug|x64.ActiveCfg = Debug|x64
		{44A4D2AD-AB78-4EAA-9951-0514AF1B3ABF}.Debug|x64.Build.0 = Debug|x64
		{44A4D2AD-AB78-4EAA-9951-0514AF1B3ABF}.Debug|x64.Deploy.0 = Debug|x64
		{44A4D2AD-AB78-4EAA-9951-0514AF1B3ABF}.Debug|x86.ActiveCfg = Debug|x86
		{44A4D2AD-AB78-4EAA-9951-0514AF1B3ABF}.Debug|x86.Build.0 = Debug|x86
		{44A4D2AD-AB78-4EAA-9951-0514AF1B3ABF}.Debug|x86.Deploy.0 = Debug|x86
		{44A4D2AD-AB78-4EAA-9951-0514AF1B3ABF}.Release|ARM.ActiveCfg = Release|ARM
		{44A4D2AD-AB78-4EAA-9951-0514AF1B3ABF}.Release|ARM.Build.0 = Release|ARM
		{44A4D2AD-AB78-4EAA-9951-0514AF1B3ABF}.Release|ARM.Deploy.0 = Release|ARM
		{44A4D2AD-AB78-4EAA-9951-0514AF1B3ABF}.Release|x64.ActiveCfg = Release|x64
		{44A4D2AD-AB78-4EAA-9951-0514AF1B3ABF}.Release|x64.Build.0 = Release|x64
		{44A4D2AD-AB78-4EAA-9951-0514AF1B3ABF}.Release|x64.Deploy.0 = Release|x64
		{44A4D2AD-AB78-4EAA-9951-0514AF1B3ABF}.Release|x86.ActiveCfg = Release|x86
		{44A4D2AD-AB78-4EAA-9951-0514AF1B3ABF}.Release|x86.Build.0 = Release|x86
		{44A4D2AD-AB78-4EAA-9951-0514AF1B3ABF}.Release|x86.Deploy.0 = Release|x86
	EndGlobalSection
	GlobalSection(SolutionProperties) = preSolution
		HideSolutionNode = FALSE
	EndGlobalSection
EndGlobal
